
Microsoft Visual Studio Solution File, Format Version 12.00
# Visual Studio 15
VisualStudioVersion = 15.0.27703.2026
MinimumVisualStudioVersion = 10.0.40219.1
Project("{FAE04EC0-301F-11D3-BF4B-00C04F79EFBC}") = "EfDemo", "EfDemo\EfDemo.csproj", "{84175C51-6EF5-4EBB-B517-9AF1161F9496}"
EndProject
Global
	GlobalSection(SolutionConfigurationPlatforms) = preSolution
		Debug|Any CPU = Debug|Any CPU
		Release|Any CPU = Release|Any CPU
	EndGlobalSection
	GlobalSection(ProjectConfigurationPlatforms) = postSolution
		{84175C51-6EF5-4EBB-B517-9AF1161F9496}.Debug|Any CPU.ActiveCfg = Debug|Any CPU
		{84175C51-6EF5-4EBB-B517-9AF1161F9496}.Debug|Any CPU.Build.0 = Debug|Any CPU
		{84175C51-6EF5-4EBB-B517-9AF1161F9496}.Release|Any CPU.ActiveCfg = Release|Any CPU
		{84175C51-6EF5-4EBB-B517-9AF1161F9496}.Release|Any CPU.Build.0 = Release|Any CPU
	EndGlobalSection
	GlobalSection(SolutionProperties) = preSolution
		HideSolutionNode = FALSE
	EndGlobalSection
	GlobalSection(ExtensibilityGlobals) = postSolution
		SolutionGuid = {0564AFA5-5A4A-4C4E-8756-8BF414C76434}
	EndGlobalSection
EndGlobal
